
Microsoft Visual Studio Solution File, Format Version 12.00
# Visual Studio Version 17
VisualStudioVersion = 17.14.36203.30
MinimumVisualStudioVersion = 10.0.40219.1
Project("{FAE04EC0-301F-11D3-BF4B-00C04F79EFBC}") = "Domain", "Domain\Domain.csproj", "{C4F56054-34A6-4399-92AF-FAF541B43A55}"
EndProject
Project("{FAE04EC0-301F-11D3-BF4B-00C04F79EFBC}") = "Application", "Application\Application.csproj", "{EEE489E3-06DC-45A7-A9F6-D3B750FF5247}"
	ProjectSection(ProjectDependencies) = postProject
		{C4F56054-34A6-4399-92AF-FAF541B43A55} = {C4F56054-34A6-4399-92AF-FAF541B43A55}
	EndProjectSection
EndProject
Project("{FAE04EC0-301F-11D3-BF4B-00C04F79EFBC}") = "Infrastructure", "Infrastructure\Infrastructure.csproj", "{ADE0C163-8791-4C2F-ACF0-06E9CC2D8A92}"
	ProjectSection(ProjectDependencies) = postProject
		{C4F56054-34A6-4399-92AF-FAF541B43A55} = {C4F56054-34A6-4399-92AF-FAF541B43A55}
	EndProjectSection
EndProject
Project("{FAE04EC0-301F-11D3-BF4B-00C04F79EFBC}") = "WebAPI", "WebAPI\WebAPI.csproj", "{019214CA-EA33-4CAF-9025-BDF191351D55}"
EndProject
Global
	GlobalSection(SolutionConfigurationPlatforms) = preSolution
		Debug|Any CPU = Debug|Any CPU
		Release|Any CPU = Release|Any CPU
	EndGlobalSection
	GlobalSection(ProjectConfigurationPlatforms) = postSolution
		{C4F56054-34A6-4399-92AF-FAF541B43A55}.Debug|Any CPU.ActiveCfg = Debug|Any CPU
		{C4F56054-34A6-4399-92AF-FAF541B43A55}.Debug|Any CPU.Build.0 = Debug|Any CPU
		{C4F56054-34A6-4399-92AF-FAF541B43A55}.Release|Any CPU.ActiveCfg = Release|Any CPU
		{C4F56054-34A6-4399-92AF-FAF541B43A55}.Release|Any CPU.Build.0 = Release|Any CPU
		{EEE489E3-06DC-45A7-A9F6-D3B750FF5247}.Debug|Any CPU.ActiveCfg = Debug|Any CPU
		{EEE489E3-06DC-45A7-A9F6-D3B750FF5247}.Debug|Any CPU.Build.0 = Debug|Any CPU
		{EEE489E3-06DC-45A7-A9F6-D3B750FF5247}.Release|Any CPU.ActiveCfg = Release|Any CPU
		{EEE489E3-06DC-45A7-A9F6-D3B750FF5247}.Release|Any CPU.Build.0 = Release|Any CPU
		{ADE0C163-8791-4C2F-ACF0-06E9CC2D8A92}.Debug|Any CPU.ActiveCfg = Debug|Any CPU
		{ADE0C163-8791-4C2F-ACF0-06E9CC2D8A92}.Debug|Any CPU.Build.0 = Debug|Any CPU
		{ADE0C163-8791-4C2F-ACF0-06E9CC2D8A92}.Release|Any CPU.ActiveCfg = Release|Any CPU
		{ADE0C163-8791-4C2F-ACF0-06E9CC2D8A92}.Release|Any CPU.Build.0 = Release|Any CPU
		{019214CA-EA33-4CAF-9025-BDF191351D55}.Debug|Any CPU.ActiveCfg = Debug|Any CPU
		{019214CA-EA33-4CAF-9025-BDF191351D55}.Debug|Any CPU.Build.0 = Debug|Any CPU
		{019214CA-EA33-4CAF-9025-BDF191351D55}.Release|Any CPU.ActiveCfg = Release|Any CPU
		{019214CA-EA33-4CAF-9025-BDF191351D55}.Release|Any CPU.Build.0 = Release|Any CPU
	EndGlobalSection
	GlobalSection(SolutionProperties) = preSolution
		HideSolutionNode = FALSE
	EndGlobalSection
	GlobalSection(ExtensibilityGlobals) = postSolution
		SolutionGuid = {5F961401-CAF4-49D0-8238-D323B351EABF}
	EndGlobalSection
EndGlobal
